
Microsoft Visual Studio Solution File, Format Version 12.00
# Visual Studio 15
VisualStudioVersion = 15.0.27019.1
MinimumVisualStudioVersion = 10.0.40219.1
Project("{FAE04EC0-301F-11D3-BF4B-00C04F79EFBC}") = "VoDeLeuteSlotMachine", "VoDeLeuteSlotMachine\VoDeLeuteSlotMachine.csproj", "{389AA231-2A01-42D3-A54C-84D7E108C399}"
EndProject
Project("{FAE04EC0-301F-11D3-BF4B-00C04F79EFBC}") = "SlotMachineLibrary", "SlotMachineLibrary\SlotMachineLibrary.csproj", "{49086F74-5BE9-434F-A2FE-98A9175AE5A2}"
EndProject
Global
	GlobalSection(SolutionConfigurationPlatforms) = preSolution
		Debug|Any CPU = Debug|Any CPU
		Release|Any CPU = Release|Any CPU
	EndGlobalSection
	GlobalSection(ProjectConfigurationPlatforms) = postSolution
		{389AA231-2A01-42D3-A54C-84D7E108C399}.Debug|Any CPU.ActiveCfg = Debug|Any CPU
		{389AA231-2A01-42D3-A54C-84D7E108C399}.Debug|Any CPU.Build.0 = Debug|Any CPU
		{389AA231-2A01-42D3-A54C-84D7E108C399}.Release|Any CPU.ActiveCfg = Release|Any CPU
		{389AA231-2A01-42D3-A54C-84D7E108C399}.Release|Any CPU.Build.0 = Release|Any CPU
		{49086F74-5BE9-434F-A2FE-98A9175AE5A2}.Debug|Any CPU.ActiveCfg = Debug|Any CPU
		{49086F74-5BE9-434F-A2FE-98A9175AE5A2}.Debug|Any CPU.Build.0 = Debug|Any CPU
		{49086F74-5BE9-434F-A2FE-98A9175AE5A2}.Release|Any CPU.ActiveCfg = Release|Any CPU
		{49086F74-5BE9-434F-A2FE-98A9175AE5A2}.Release|Any CPU.Build.0 = Release|Any CPU
	EndGlobalSection
	GlobalSection(SolutionProperties) = preSolution
		HideSolutionNode = FALSE
	EndGlobalSection
	GlobalSection(ExtensibilityGlobals) = postSolution
		SolutionGuid = {EA339A4C-8510-4050-8730-203283415CA8}
	EndGlobalSection
EndGlobal
